{
  "requires": true,
  "lockfileVersion": 1,
  "dependencies": {
    "angular2-csv": {
      "version": "0.2.9",
      "resolved": "https://registry.npmjs.org/angular2-csv/-/angular2-csv-0.2.9.tgz",
      "integrity": "sha512-RmVpaT2DSLJikPIxXfvhNHT/a03g+jM7Wsx0x+kNmCTuTqA1MAIPVhZPNgFvoSvZM898ACgcTSV6vvsDLdt1BA==",
      "requires": {
        "tslib": "^1.9.0"
      }
    },
    "tslib": {
      "version": "1.13.0",
      "resolved": "https://registry.npmjs.org/tslib/-/tslib-1.13.0.tgz",
      "integrity": "sha512-i/6DQjL8Xf3be4K/E6Wgpekn5Qasl1usyw++dAA35Ue5orEn65VIxOA+YvNNl9HV3qv70T7CNwjODHZrLwvd1Q=="
    }
  }
}
